// !$*UTF8*$!
{ archiveVersion = 1; classes = {}; objectVersion = 56; objects = {
00000000000000000000001B = { isa = PBXBuildFile; fileRef = 00000000000000000000001C; };
00000000000000000000001C = { isa = PBXFileReference; lastKnownFileType = folder.assetcatalog; path = Assets.xcassets; sourceTree = "<group>"; };
000000000000000000000001 = { isa = PBXProject; attributes = { LastUpgradeCheck = 2600; }; buildConfigurationList = 00000000000000000000000A; compatibilityVersion = "Xcode 14.0"; developmentRegion = "zh-Hant"; knownRegions = ("zh-Hant", en, Base); mainGroup = 000000000000000000000002; productRefGroup = 000000000000000000000003; projectDirPath = ""; targets = (000000000000000000000005); };
000000000000000000000002 = { isa = PBXGroup; children = (000000000000000000000004, 000000000000000000000003); sourceTree = "<group>"; };
000000000000000000000004 = { isa = PBXGroup; path = Mingli; children = (000000000000000000000010, 000000000000000000000011, 000000000000000000000012, 000000000000000000000013, 000000000000000000000014, 000000000000000000000015, 00000000000000000000001C); sourceTree = "<group>"; };
000000000000000000000003 = { isa = PBXGroup; name = Products; children = (000000000000000000000006); sourceTree = "<group>"; };
000000000000000000000006 = { isa = PBXFileReference; explicitFileType = wrapper.application; path = Mingli.app; sourceTree = BUILT_PRODUCTS_DIR; };
000000000000000000000010 = { isa = PBXFileReference; lastKnownFileType = sourcecode.swift; path = App.swift; sourceTree = "<group>"; };
000000000000000000000011 = { isa = PBXFileReference; lastKnownFileType = sourcecode.swift; path = Face.swift; sourceTree = "<group>"; };
000000000000000000000012 = { isa = PBXFileReference; lastKnownFileType = folder; path = Web; sourceTree = "<group>"; };
000000000000000000000013 = { isa = PBXFileReference; lastKnownFileType = sourcecode.javascript; path = bridge.js; sourceTree = "<group>"; };
000000000000000000000014 = { isa = PBXFileReference; lastKnownFileType = text.xml; path = PrivacyInfo.xcprivacy; sourceTree = "<group>"; };
000000000000000000000015 = { isa = PBXFileReference; lastKnownFileType = text.plist.xml; path = Info.plist; sourceTree = "<group>"; };
000000000000000000000016 = { isa = PBXBuildFile; fileRef = 000000000000000000000010; };
000000000000000000000017 = { isa = PBXBuildFile; fileRef = 000000000000000000000011; };
000000000000000000000018 = { isa = PBXBuildFile; fileRef = 000000000000000000000012; };
000000000000000000000019 = { isa = PBXBuildFile; fileRef = 000000000000000000000013; };
00000000000000000000001A = { isa = PBXBuildFile; fileRef = 000000000000000000000014; };
000000000000000000000007 = { isa = PBXSourcesBuildPhase; buildActionMask = 2147483647; files = (000000000000000000000016, 000000000000000000000017); runOnlyForDeploymentPostprocessing = 0; };
000000000000000000000008 = { isa = PBXResourcesBuildPhase; buildActionMask = 2147483647; files = (000000000000000000000018, 000000000000000000000019, 00000000000000000000001A, 00000000000000000000001B); runOnlyForDeploymentPostprocessing = 0; };
000000000000000000000009 = { isa = PBXFrameworksBuildPhase; buildActionMask = 2147483647; files = (); runOnlyForDeploymentPostprocessing = 0; };
000000000000000000000005 = { isa = PBXNativeTarget; buildConfigurationList = 00000000000000000000000B; buildPhases = (000000000000000000000007, 000000000000000000000009, 000000000000000000000008); buildRules = (); dependencies = (); name = Mingli; productName = Mingli; productReference = 000000000000000000000006; productType = "com.apple.product-type.application"; };
00000000000000000000000A = { isa = XCConfigurationList; buildConfigurations = (00000000000000000000000C, 00000000000000000000000D); defaultConfigurationIsVisible = 0; defaultConfigurationName = Release; };
00000000000000000000000B = { isa = XCConfigurationList; buildConfigurations = (00000000000000000000000E, 00000000000000000000000F); defaultConfigurationIsVisible = 0; defaultConfigurationName = Release; };
00000000000000000000000C = { isa = XCBuildConfiguration; name = Debug; buildSettings = { CLANG_ENABLE_MODULES = YES; SDKROOT = iphoneos; IPHONEOS_DEPLOYMENT_TARGET = 17.0; SWIFT_VERSION = 5.0; }; };
00000000000000000000000D = { isa = XCBuildConfiguration; name = Release; buildSettings = { CLANG_ENABLE_MODULES = YES; SDKROOT = iphoneos; IPHONEOS_DEPLOYMENT_TARGET = 17.0; SWIFT_VERSION = 5.0; }; };
00000000000000000000000E = { isa = XCBuildConfiguration; name = Debug; buildSettings = { PRODUCT_BUNDLE_IDENTIFIER = com.tohuang.mingli.ios; PRODUCT_NAME = Mingli; ASSETCATALOG_COMPILER_APPICON_NAME = AppIcon; INFOPLIST_FILE = Mingli/Info.plist; CODE_SIGN_STYLE = Automatic; TARGETED_DEVICE_FAMILY = 1; SUPPORTED_PLATFORMS = "iphoneos iphonesimulator"; SWIFT_OPTIMIZATION_LEVEL = "-Onone"; }; };
00000000000000000000000F = { isa = XCBuildConfiguration; name = Release; buildSettings = { PRODUCT_BUNDLE_IDENTIFIER = com.tohuang.mingli.ios; PRODUCT_NAME = Mingli; ASSETCATALOG_COMPILER_APPICON_NAME = AppIcon; INFOPLIST_FILE = Mingli/Info.plist; CODE_SIGN_STYLE = Automatic; TARGETED_DEVICE_FAMILY = 1; SUPPORTED_PLATFORMS = "iphoneos iphonesimulator"; SWIFT_OPTIMIZATION_LEVEL = "-O"; }; };
}; rootObject = 000000000000000000000001; }
